{
  "name": "its-a-qrcode-smoke-test",
  "version": "0.1.0",
  "lockfileVersion": 3,
  "requires": true,
  "packages": {
    "": {
      "name": "its-a-qrcode-smoke-test",
      "version": "0.1.0",
      "license": "MIT",
      "dependencies": {
        "its-a-qrcode": "latest"
      }
    },
    "node_modules/its-a-qrcode": {
      "version": "0.4.0",
      "resolved": "https://registry.npmjs.org/its-a-qrcode/-/its-a-qrcode-0.4.0.tgz",
      "integrity": "sha512-FAmTA5imZY5ICgwtkSkzyRFUaD3BdDlyupIqUopudWuxL8vANXu1QtL7EvEFU+VXu//qq25Nrar2H0rhOyDXuw=="
    }
  }
}
