{
  "name": "its-a-qrcode-smoke-test",
  "version": "0.1.0",
  "lockfileVersion": 3,
  "requires": true,
  "packages": {
    "": {
      "name": "its-a-qrcode-smoke-test",
      "version": "0.1.0",
      "license": "MIT",
      "dependencies": {
        "its-a-qrcode": "latest"
      }
    },
    "node_modules/its-a-qrcode": {
      "version": "0.3.0",
      "resolved": "https://registry.npmjs.org/its-a-qrcode/-/its-a-qrcode-0.3.0.tgz",
      "integrity": "sha512-b0ya3d3LgmLPsrtbxkYOzFwvboUxP6Dpfu8553QTM8H3+w+53p9WNcSCvBEbEjweGa2ylbeOBLeCmUcDV3Ky3A=="
    }
  }
}
