{
  "name": "its-a-qrcode-smoke-test",
  "version": "0.1.0",
  "lockfileVersion": 3,
  "requires": true,
  "packages": {
    "": {
      "name": "its-a-qrcode-smoke-test",
      "version": "0.1.0",
      "license": "MIT",
      "dependencies": {
        "its-a-qrcode": "latest"
      }
    },
    "node_modules/its-a-qrcode": {
      "version": "0.2.0",
      "resolved": "https://registry.npmjs.org/its-a-qrcode/-/its-a-qrcode-0.2.0.tgz",
      "integrity": "sha512-OYctg2RBPHSInrYvgWDy4IgLMu90tTpgOgoVAtDwgImlf5w1CWU5mZujEFpjZ1kAtsMk7m+5pOu4sUmDJIuKLA=="
    }
  }
}
